
Microsoft Visual Studio Solution File, Format Version 12.00
Project("{FAE04EC0-301F-11D3-BF4B-00C04F79EFBC}") = "CutelPhoneGame.Web", "CutelPhoneGame.Web\CutelPhoneGame.Web.csproj", "{D06FFDF5-AA9C-4323-9235-2336D5323C8B}"
EndProject
Project("{FAE04EC0-301F-11D3-BF4B-00C04F79EFBC}") = "CutelPhoneGame.Core", "CutelPhoneGame.Core\CutelPhoneGame.Core.csproj", "{93A6B450-DE70-451D-8B6F-D87C14CC8878}"
EndProject
Project("{FAE04EC0-301F-11D3-BF4B-00C04F79EFBC}") = "CutelPhoneGame.Data.Postgres", "CutelPhoneGame.Data.Postgres\CutelPhoneGame.Data.Postgres.csproj", "{401E0AD4-0755-46C8-8664-27C791E96BC2}"
EndProject
Global
	GlobalSection(SolutionConfigurationPlatforms) = preSolution
		Debug|Any CPU = Debug|Any CPU
		Release|Any CPU = Release|Any CPU
	EndGlobalSection
	GlobalSection(ProjectConfigurationPlatforms) = postSolution
		{D06FFDF5-AA9C-4323-9235-2336D5323C8B}.Debug|Any CPU.ActiveCfg = Debug|Any CPU
		{D06FFDF5-AA9C-4323-9235-2336D5323C8B}.Debug|Any CPU.Build.0 = Debug|Any CPU
		{D06FFDF5-AA9C-4323-9235-2336D5323C8B}.Release|Any CPU.ActiveCfg = Release|Any CPU
		{D06FFDF5-AA9C-4323-9235-2336D5323C8B}.Release|Any CPU.Build.0 = Release|Any CPU
		{93A6B450-DE70-451D-8B6F-D87C14CC8878}.Debug|Any CPU.ActiveCfg = Debug|Any CPU
		{93A6B450-DE70-451D-8B6F-D87C14CC8878}.Debug|Any CPU.Build.0 = Debug|Any CPU
		{93A6B450-DE70-451D-8B6F-D87C14CC8878}.Release|Any CPU.ActiveCfg = Release|Any CPU
		{93A6B450-DE70-451D-8B6F-D87C14CC8878}.Release|Any CPU.Build.0 = Release|Any CPU
		{401E0AD4-0755-46C8-8664-27C791E96BC2}.Debug|Any CPU.ActiveCfg = Debug|Any CPU
		{401E0AD4-0755-46C8-8664-27C791E96BC2}.Debug|Any CPU.Build.0 = Debug|Any CPU
		{401E0AD4-0755-46C8-8664-27C791E96BC2}.Release|Any CPU.ActiveCfg = Release|Any CPU
		{401E0AD4-0755-46C8-8664-27C791E96BC2}.Release|Any CPU.Build.0 = Release|Any CPU
	EndGlobalSection
EndGlobal
